
Microsoft Visual Studio Solution File, Format Version 12.00
# Visual Studio 15
VisualStudioVersion = 15.0.28307.271
MinimumVisualStudioVersion = 10.0.40219.1
Project("{FAE04EC0-301F-11D3-BF4B-00C04F79EFBC}") = "PlacementData", "PlacementData\PlacementData.csproj", "{D077C9C2-FB6D-49DD-BFDA-1B00FCA613E4}"
EndProject
Global
	GlobalSection(SolutionConfigurationPlatforms) = preSolution
		Debug|Any CPU = Debug|Any CPU
		Release|Any CPU = Release|Any CPU
	EndGlobalSection
	GlobalSection(ProjectConfigurationPlatforms) = postSolution
		{D077C9C2-FB6D-49DD-BFDA-1B00FCA613E4}.Debug|Any CPU.ActiveCfg = Debug|Any CPU
		{D077C9C2-FB6D-49DD-BFDA-1B00FCA613E4}.Debug|Any CPU.Build.0 = Debug|Any CPU
		{D077C9C2-FB6D-49DD-BFDA-1B00FCA613E4}.Release|Any CPU.ActiveCfg = Release|Any CPU
		{D077C9C2-FB6D-49DD-BFDA-1B00FCA613E4}.Release|Any CPU.Build.0 = Release|Any CPU
	EndGlobalSection
	GlobalSection(SolutionProperties) = preSolution
		HideSolutionNode = FALSE
	EndGlobalSection
	GlobalSection(ExtensibilityGlobals) = postSolution
		SolutionGuid = {876763F5-886B-438A-85AD-6950D0782717}
	EndGlobalSection
EndGlobal
